# This file is automatically @generated by Cargo.
# It is not intended for manual editing.
version = 3

[[package]]
name = "const_panic"
version = "0.2.8"
source = "registry+https://github.com/rust-lang/crates.io-index"
checksum = "6051f239ecec86fde3410901ab7860d458d160371533842974fc61f96d15879b"

[[package]]
name = "css-const"
version = "0.1.0"
dependencies = [
 "konst",
]

[[package]]
name = "konst"
version = "0.3.9"
source = "registry+https://github.com/rust-lang/crates.io-index"
checksum = "50a0ba6de5f7af397afff922f22c149ff605c766cd3269cf6c1cd5e466dbe3b9"
dependencies = [
 "const_panic",
 "konst_kernel",
 "konst_proc_macros",
 "typewit",
]

[[package]]
name = "konst_kernel"
version = "0.3.9"
source = "registry+https://github.com/rust-lang/crates.io-index"
checksum = "be0a455a1719220fd6adf756088e1c69a85bf14b6a9e24537a5cc04f503edb2b"
dependencies = [
 "typewit",
]

[[package]]
name = "konst_proc_macros"
version = "0.3.0"
source = "registry+https://github.com/rust-lang/crates.io-index"
checksum = "4e28ab1dc35e09d60c2b8c90d12a9a8d9666c876c10a3739a3196db0103b6043"

[[package]]
name = "typewit"
version = "1.9.0"
source = "registry+https://github.com/rust-lang/crates.io-index"
checksum = "c6fb9ae6a3cafaf0a5d14c2302ca525f9ae8e07a0f0e6949de88d882c37a6e24"
dependencies = [
 "typewit_proc_macros",
]

[[package]]
name = "typewit_proc_macros"
version = "1.8.1"
source = "registry+https://github.com/rust-lang/crates.io-index"
checksum = "e36a83ea2b3c704935a01b4642946aadd445cea40b10935e3f8bd8052b8193d6"
